
Microsoft Visual Studio Solution File, Format Version 12.00
# Visual Studio Version 16
VisualStudioVersion = 16.0.30611.23
MinimumVisualStudioVersion = 10.0.40219.1
Project("{9A19103F-16F7-4668-BE54-9A1E7A4F7556}") = "Codewars.Katas", "Kata\Codewars.Katas.csproj", "{9F22E528-2FA3-4BE5-9CDD-B8F8B9E3A6C2}"
EndProject
Project("{FAE04EC0-301F-11D3-BF4B-00C04F79EFBC}") = "Codewars.Tests", "Codewars.Tests\Codewars.Tests.csproj", "{94AA2EC1-D3CB-46E8-9C11-9D5CC0D29ADF}"
EndProject
Global
	GlobalSection(SolutionConfigurationPlatforms) = preSolution
		Debug|Any CPU = Debug|Any CPU
		Release|Any CPU = Release|Any CPU
	EndGlobalSection
	GlobalSection(ProjectConfigurationPlatforms) = postSolution
		{9F22E528-2FA3-4BE5-9CDD-B8F8B9E3A6C2}.Debug|Any CPU.ActiveCfg = Debug|Any CPU
		{9F22E528-2FA3-4BE5-9CDD-B8F8B9E3A6C2}.Debug|Any CPU.Build.0 = Debug|Any CPU
		{9F22E528-2FA3-4BE5-9CDD-B8F8B9E3A6C2}.Release|Any CPU.ActiveCfg = Release|Any CPU
		{9F22E528-2FA3-4BE5-9CDD-B8F8B9E3A6C2}.Release|Any CPU.Build.0 = Release|Any CPU
		{94AA2EC1-D3CB-46E8-9C11-9D5CC0D29ADF}.Debug|Any CPU.ActiveCfg = Debug|Any CPU
		{94AA2EC1-D3CB-46E8-9C11-9D5CC0D29ADF}.Debug|Any CPU.Build.0 = Debug|Any CPU
		{94AA2EC1-D3CB-46E8-9C11-9D5CC0D29ADF}.Release|Any CPU.ActiveCfg = Release|Any CPU
		{94AA2EC1-D3CB-46E8-9C11-9D5CC0D29ADF}.Release|Any CPU.Build.0 = Release|Any CPU
	EndGlobalSection
	GlobalSection(SolutionProperties) = preSolution
		HideSolutionNode = FALSE
	EndGlobalSection
	GlobalSection(ExtensibilityGlobals) = postSolution
		SolutionGuid = {D910757C-61F9-489E-BD66-77445ECBB168}
	EndGlobalSection
EndGlobal
